
Microsoft Visual Studio Solution File, Format Version 12.00
# Visual Studio Version 17
VisualStudioVersion = 17.10.34928.147
MinimumVisualStudioVersion = 10.0.40219.1
Project("{8BC9CEB8-8B4A-11D0-8D11-00A0C91BC942}") = "ArxProject1", "ArxProject1\ArxProject1.vcxproj", "{59522239-4FF8-461A-941E-FB57144B0242}"
	ProjectSection(ProjectDependencies) = postProject
		{A7A575FE-C17C-45C2-9E21-82E995C3767C} = {A7A575FE-C17C-45C2-9E21-82E995C3767C}
	EndProjectSection
EndProject
Project("{8BC9CEB8-8B4A-11D0-8D11-00A0C91BC942}") = "dbxCircle", "dbxCircle\dbxCircle.vcxproj", "{A7A575FE-C17C-45C2-9E21-82E995C3767C}"
EndProject
Project("{FAE04EC0-301F-11D3-BF4B-00C04F79EFBC}") = "ManagedTest", "DotProject1\ManagedTest.csproj", "{3B4E70CA-6BDF-45F7-993D-6B1F71D120DE}"
	ProjectSection(ProjectDependencies) = postProject
		{A7CEFFBE-2EBA-4E7B-8CB9-A66BF649817C} = {A7CEFFBE-2EBA-4E7B-8CB9-A66BF649817C}
	EndProjectSection
EndProject
Project("{8BC9CEB8-8B4A-11D0-8D11-00A0C91BC942}") = "ManagedWrapper", "ManagedWrapper\ManagedWrapper.vcxproj", "{A7CEFFBE-2EBA-4E7B-8CB9-A66BF649817C}"
	ProjectSection(ProjectDependencies) = postProject
		{59522239-4FF8-461A-941E-FB57144B0242} = {59522239-4FF8-461A-941E-FB57144B0242}
	EndProjectSection
EndProject
Global
	GlobalSection(SolutionConfigurationPlatforms) = preSolution
		Debug|x64 = Debug|x64
		Release|x64 = Release|x64
	EndGlobalSection
	GlobalSection(ProjectConfigurationPlatforms) = postSolution
		{59522239-4FF8-461A-941E-FB57144B0242}.Debug|x64.ActiveCfg = Debug|x64
		{59522239-4FF8-461A-941E-FB57144B0242}.Debug|x64.Build.0 = Debug|x64
		{59522239-4FF8-461A-941E-FB57144B0242}.Release|x64.ActiveCfg = Release|x64
		{59522239-4FF8-461A-941E-FB57144B0242}.Release|x64.Build.0 = Release|x64
		{A7A575FE-C17C-45C2-9E21-82E995C3767C}.Debug|x64.ActiveCfg = Debug|x64
		{A7A575FE-C17C-45C2-9E21-82E995C3767C}.Debug|x64.Build.0 = Debug|x64
		{A7A575FE-C17C-45C2-9E21-82E995C3767C}.Release|x64.ActiveCfg = Release|Win32
		{3B4E70CA-6BDF-45F7-993D-6B1F71D120DE}.Debug|x64.ActiveCfg = Debug|x64
		{3B4E70CA-6BDF-45F7-993D-6B1F71D120DE}.Debug|x64.Build.0 = Debug|x64
		{3B4E70CA-6BDF-45F7-993D-6B1F71D120DE}.Release|x64.ActiveCfg = Release|Any CPU
		{A7CEFFBE-2EBA-4E7B-8CB9-A66BF649817C}.Debug|x64.ActiveCfg = Debug|x64
		{A7CEFFBE-2EBA-4E7B-8CB9-A66BF649817C}.Debug|x64.Build.0 = Debug|x64
		{A7CEFFBE-2EBA-4E7B-8CB9-A66BF649817C}.Release|x64.ActiveCfg = Release|Win32
	EndGlobalSection
	GlobalSection(SolutionProperties) = preSolution
		HideSolutionNode = FALSE
	EndGlobalSection
	GlobalSection(ExtensibilityGlobals) = postSolution
		SolutionGuid = {25EF57B8-3F2D-4F17-AA18-3ACC02A5EDA7}
	EndGlobalSection
EndGlobal
