<?xml version="1.0" encoding="utf-8"?>
<Project ToolsVersion="4.0" xmlns="http://schemas.microsoft.com/developer/msbuild/2003">
  <ItemGroup>
    <Filter Include="Source Files">
      <UniqueIdentifier>{679972ba-67aa-4b4d-bc9d-f6c5ca1843a9}</UniqueIdentifier>
      <Extensions>cpp;c;cc;cxx;def;idl;odl</Extensions>
    </Filter>
    <Filter Include="Include Files">
      <UniqueIdentifier>{769032e7-f98d-4930-9d47-af48b23acd4c}</UniqueIdentifier>
      <Extensions>h;hh;hxx</Extensions>
    </Filter>
    <Filter Include="Resource Files">
      <UniqueIdentifier>{98c32559-0c49-4233-8ad3-2678d6819cff}</UniqueIdentifier>
      <Extensions>rc;ico;bmp;cur;jpg;gif</Extensions>
    </Filter>
    <Filter Include="Miscellaneous Files">
      <UniqueIdentifier>{a447f561-727b-4295-9e22-62faaf99f621}</UniqueIdentifier>
      <Extensions>reg;rgs;mak;clw;vsdir;vsz;css;inf;vcproj;csproj</Extensions>
    </Filter>
  </ItemGroup>
  <ItemGroup>
    <ClCompile Include="acrxEntryPoint.cpp">
      <Filter>Source Files</Filter>
    </ClCompile>
    <ClCompile Include="asdkCustomCircle.cpp">
      <Filter>Source Files</Filter>
    </ClCompile>
    <ClCompile Include="dbxCircle.cpp">
      <Filter>Source Files</Filter>
    </ClCompile>
    <ClCompile Include="StdAfx.cpp">
      <Filter>Source Files</Filter>
    </ClCompile>
  </ItemGroup>
  <ItemGroup>
    <ClInclude Include="asdkCustomCircle.h">
      <Filter>Include Files</Filter>
    </ClInclude>
    <ClInclude Include="Resource.h">
      <Filter>Include Files</Filter>
    </ClInclude>
    <ClInclude Include="StdAfx.h">
      <Filter>Include Files</Filter>
    </ClInclude>
  </ItemGroup>
  <ItemGroup>
    <ResourceCompile Include="dbxCircle.rc">
      <Filter>Resource Files</Filter>
    </ResourceCompile>
  </ItemGroup>
</Project>