<?xml version="1.0" encoding="utf-8"?>
<Project ToolsVersion="4.0" xmlns="http://schemas.microsoft.com/developer/msbuild/2003">
  <ItemGroup>
    <Filter Include="Source Files">
      <UniqueIdentifier>{c9549b8a-e326-42c7-98d5-24f98108008d}</UniqueIdentifier>
      <Extensions>cpp;c;cc;cxx;def;idl;odl</Extensions>
    </Filter>
    <Filter Include="Include Files">
      <UniqueIdentifier>{cf186fb6-602d-4500-803f-9363dbf36569}</UniqueIdentifier>
      <Extensions>h;hh;hxx</Extensions>
    </Filter>
    <Filter Include="Resource Files">
      <UniqueIdentifier>{295c1d0f-5a1c-4935-a9c4-5158c66dba47}</UniqueIdentifier>
      <Extensions>rc;ico;bmp;cur;jpg;gif</Extensions>
    </Filter>
    <Filter Include="Miscellaneous Files">
      <UniqueIdentifier>{a91d1c73-b1b0-4075-b9e4-1e72230c631f}</UniqueIdentifier>
      <Extensions>reg;rgs;mak;clw;vsdir;vsz;css;inf;vcproj;csproj</Extensions>
    </Filter>
  </ItemGroup>
  <ItemGroup>
    <ClCompile Include="acrxEntryPoint.cpp">
      <Filter>Source Files</Filter>
    </ClCompile>
    <ClCompile Include="ArxProject1.cpp">
      <Filter>Source Files</Filter>
    </ClCompile>
    <ClCompile Include="StdAfx.cpp">
      <Filter>Source Files</Filter>
    </ClCompile>
  </ItemGroup>
  <ItemGroup>
    <ClInclude Include="Resource.h">
      <Filter>Include Files</Filter>
    </ClInclude>
    <ClInclude Include="StdAfx.h">
      <Filter>Include Files</Filter>
    </ClInclude>
  </ItemGroup>
  <ItemGroup>
    <ResourceCompile Include="ArxProject1.rc">
      <Filter>Resource Files</Filter>
    </ResourceCompile>
  </ItemGroup>
</Project>